// !$*UTF8*$!
{
	archiveVersion = 1;
	classes = {
	};
	objectVersion = 46;
	objects = {

/* Begin PBXBuildFile section */
		6B7609211EC4C578005B13C2 /* AppDelegate.swift in Sources */ = {isa = PBXBuildFile; fileRef = 6B7609201EC4C578005B13C2 /* AppDelegate.swift */; };
		6B7609261EC4C578005B13C2 /* Main.storyboard in Resources */ = {isa = PBXBuildFile; fileRef = 6B7609241EC4C578005B13C2 /* Main.storyboard */; };
		6B7609281EC4C578005B13C2 /* Assets.xcassets in Resources */ = {isa = PBXBuildFile; fileRef = 6B7609271EC4C578005B13C2 /* Assets.xcassets */; };
		6B76092B1EC4C578005B13C2 /* LaunchScreen.storyboard in Resources */ = {isa = PBXBuildFile; fileRef = 6B7609291EC4C578005B13C2 /* LaunchScreen.storyboard */; };
		6B7609361EC4C78E005B13C2 /* NetworkController.swift in Sources */ = {isa = PBXBuildFile; fileRef = 6B7609351EC4C78E005B13C2 /* NetworkController.swift */; };
		6B76093C1EC4C7EC005B13C2 /* DMNPokemon.m in Sources */ = {isa = PBXBuildFile; fileRef = 6B76093B1EC4C7EC005B13C2 /* DMNPokemon.m */; };
/* End PBXBuildFile section */

/* Begin PBXFileReference section */
		6B76091D1EC4C578005B13C2 /* PokedexHybrid2.app */ = {isa = PBXFileReference; explicitFileType = wrapper.application; includeInIndex = 0; path = PokedexHybrid2.app; sourceTree = BUILT_PRODUCTS_DIR; };
		6B7609201EC4C578005B13C2 /* AppDelegate.swift */ = {isa = PBXFileReference; lastKnownFileType = sourcecode.swift; path = AppDelegate.swift; sourceTree = "<group>"; };
		6B7609251EC4C578005B13C2 /* Base */ = {isa = PBXFileReference; lastKnownFileType = file.storyboard; name = Base; path = Base.lproj/Main.storyboard; sourceTree = "<group>"; };
		6B7609271EC4C578005B13C2 /* Assets.xcassets */ = {isa = PBXFileReference; lastKnownFileType = folder.assetcatalog; path = Assets.xcassets; sourceTree = "<group>"; };
		6B76092A1EC4C578005B13C2 /* Base */ = {isa = PBXFileReference; lastKnownFileType = file.storyboard; name = Base; path = Base.lproj/LaunchScreen.storyboard; sourceTree = "<group>"; };
		6B76092C1EC4C578005B13C2 /* Info.plist */ = {isa = PBXFileReference; lastKnownFileType = text.plist.xml; path = Info.plist; sourceTree = "<group>"; };
		6B7609351EC4C78E005B13C2 /* NetworkController.swift */ = {isa = PBXFileReference; fileEncoding = 4; lastKnownFileType = sourcecode.swift; path = NetworkController.swift; sourceTree = "<group>"; };
		6B7609391EC4C7EC005B13C2 /* PokedexHybrid2-Bridging-Header.h */ = {isa = PBXFileReference; lastKnownFileType = sourcecode.c.h; path = "PokedexHybrid2-Bridging-Header.h"; sourceTree = "<group>"; };
		6B76093A1EC4C7EC005B13C2 /* DMNPokemon.h */ = {isa = PBXFileReference; fileEncoding = 4; lastKnownFileType = sourcecode.c.h; path = DMNPokemon.h; sourceTree = "<group>"; };
		6B76093B1EC4C7EC005B13C2 /* DMNPokemon.m */ = {isa = PBXFileReference; fileEncoding = 4; lastKnownFileType = sourcecode.c.objc; path = DMNPokemon.m; sourceTree = "<group>"; };
/* End PBXFileReference section */

/* Begin PBXFrameworksBuildPhase section */
		6B76091A1EC4C578005B13C2 /* Frameworks */ = {
			isa = PBXFrameworksBuildPhase;
			buildActionMask = 2147483647;
			files = (
			);
			runOnlyForDeploymentPostprocessing = 0;
		};
/* End PBXFrameworksBuildPhase section */

/* Begin PBXGroup section */
		6B7609141EC4C578005B13C2 = {
			isa = PBXGroup;
			children = (
				6B76091F1EC4C578005B13C2 /* PokedexHybrid2 */,
				6B76091E1EC4C578005B13C2 /* Products */,
			);
			sourceTree = "<group>";
		};
		6B76091E1EC4C578005B13C2 /* Products */ = {
			isa = PBXGroup;
			children = (
				6B76091D1EC4C578005B13C2 /* PokedexHybrid2.app */,
			);
			name = Products;
			sourceTree = "<group>";
		};
		6B76091F1EC4C578005B13C2 /* PokedexHybrid2 */ = {
			isa = PBXGroup;
			children = (
				6B7609201EC4C578005B13C2 /* AppDelegate.swift */,
				6B7609381EC4C7BD005B13C2 /* ModelControllers */,
				6B7609371EC4C7B6005B13C2 /* Models */,
				6B7609341EC4C780005B13C2 /* Networking */,
				6B7609321EC4C5A8005B13C2 /* ViewControllers */,
				6B7609331EC4C5AE005B13C2 /* Resources */,
			);
			path = PokedexHybrid2;
			sourceTree = "<group>";
		};
		6B7609321EC4C5A8005B13C2 /* ViewControllers */ = {
			isa = PBXGroup;
			children = (
				6B7609241EC4C578005B13C2 /* Main.storyboard */,
			);
			name = ViewControllers;
			sourceTree = "<group>";
		};
		6B7609331EC4C5AE005B13C2 /* Resources */ = {
			isa = PBXGroup;
			children = (
				6B7609391EC4C7EC005B13C2 /* PokedexHybrid2-Bridging-Header.h */,
				6B7609271EC4C578005B13C2 /* Assets.xcassets */,
				6B7609291EC4C578005B13C2 /* LaunchScreen.storyboard */,
				6B76092C1EC4C578005B13C2 /* Info.plist */,
			);
			name = Resources;
			sourceTree = "<group>";
		};
		6B7609341EC4C780005B13C2 /* Networking */ = {
			isa = PBXGroup;
			children = (
				6B7609351EC4C78E005B13C2 /* NetworkController.swift */,
			);
			name = Networking;
			sourceTree = "<group>";
		};
		6B7609371EC4C7B6005B13C2 /* Models */ = {
			isa = PBXGroup;
			children = (
				6B76093A1EC4C7EC005B13C2 /* DMNPokemon.h */,
				6B76093B1EC4C7EC005B13C2 /* DMNPokemon.m */,
			);
			name = Models;
			sourceTree = "<group>";
		};
		6B7609381EC4C7BD005B13C2 /* ModelControllers */ = {
			isa = PBXGroup;
			children = (
			);
			name = ModelControllers;
			sourceTree = "<group>";
		};
/* End PBXGroup section */

/* Begin PBXNativeTarget section */
		6B76091C1EC4C578005B13C2 /* PokedexHybrid2 */ = {
			isa = PBXNativeTarget;
			buildConfigurationList = 6B76092F1EC4C578005B13C2 /* Build configuration list for PBXNativeTarget "PokedexHybrid2" */;
			buildPhases = (
				6B7609191EC4C578005B13C2 /* Sources */,
				6B76091A1EC4C578005B13C2 /* Frameworks */,
				6B76091B1EC4C578005B13C2 /* Resources */,
			);
			buildRules = (
			);
			dependencies = (
			);
			name = PokedexHybrid2;
			productName = PokedexHybrid2;
			productReference = 6B76091D1EC4C578005B13C2 /* PokedexHybrid2.app */;
			productType = "com.apple.product-type.application";
		};
/* End PBXNativeTarget section */

/* Begin PBXProject section */
		6B7609151EC4C578005B13C2 /* Project object */ = {
			isa = PBXProject;
			attributes = {
				LastSwiftUpdateCheck = 0830;
				LastUpgradeCheck = 0830;
				ORGANIZATIONNAME = "Bradley Gilmore";
				TargetAttributes = {
					6B76091C1EC4C578005B13C2 = {
						CreatedOnToolsVersion = 8.3.2;
						DevelopmentTeam = CTJ2VR37F9;
						LastSwiftMigration = 0830;
						ProvisioningStyle = Automatic;
					};
				};
			};
			buildConfigurationList = 6B7609181EC4C578005B13C2 /* Build configuration list for PBXProject "PokedexHybrid2" */;
			compatibilityVersion = "Xcode 3.2";
			developmentRegion = English;
			hasScannedForEncodings = 0;
			knownRegions = (
				en,
				Base,
			);
			mainGroup = 6B7609141EC4C578005B13C2;
			productRefGroup = 6B76091E1EC4C578005B13C2 /* Products */;
			projectDirPath = "";
			projectRoot = "";
			targets = (
				6B76091C1EC4C578005B13C2 /* PokedexHybrid2 */,
			);
		};
/* End PBXProject section */

/* Begin PBXResourcesBuildPhase section */
		6B76091B1EC4C578005B13C2 /* Resources */ = {
			isa = PBXResourcesBuildPhase;
			buildActionMask = 2147483647;
			files = (
				6B76092B1EC4C578005B13C2 /* LaunchScreen.storyboard in Resources */,
				6B7609281EC4C578005B13C2 /* Assets.xcassets in Resources */,
				6B7609261EC4C578005B13C2 /* Main.storyboard in Resources */,
			);
			runOnlyForDeploymentPostprocessing = 0;
		};
/* End PBXResourcesBuildPhase section */

/* Begin PBXSourcesBuildPhase section */
		6B7609191EC4C578005B13C2 /* Sources */ = {
			isa = PBXSourcesBuildPhase;
			buildActionMask = 2147483647;
			files = (
				6B7609361EC4C78E005B13C2 /* NetworkController.swift in Sources */,
				6B7609211EC4C578005B13C2 /* AppDelegate.swift in Sources */,
				6B76093C1EC4C7EC005B13C2 /* DMNPokemon.m in Sources */,
			);
			runOnlyForDeploymentPostprocessing = 0;
		};
/* End PBXSourcesBuildPhase section */

/* Begin PBXVariantGroup section */
		6B7609241EC4C578005B13C2 /* Main.storyboard */ = {
			isa = PBXVariantGroup;
			children = (
				6B7609251EC4C578005B13C2 /* Base */,
			);
			name = Main.storyboard;
			sourceTree = "<group>";
		};
		6B7609291EC4C578005B13C2 /* LaunchScreen.storyboard */ = {
			isa = PBXVariantGroup;
			children = (
				6B76092A1EC4C578005B13C2 /* Base */,
			);
			name = LaunchScreen.storyboard;
			sourceTree = "<group>";
		};
/* End PBXVariantGroup section */

/* Begin XCBuildConfiguration section */
		6B76092D1EC4C578005B13C2 /* Debug */ = {
			isa = XCBuildConfiguration;
			buildSettings = {
				ALWAYS_SEARCH_USER_PATHS = NO;
				CLANG_ANALYZER_NONNULL = YES;
				CLANG_ANALYZER_NUMBER_OBJECT_CONVERSION = YES_AGGRESSIVE;
				CLANG_CXX_LANGUAGE_STANDARD = "gnu++0x";
				CLANG_CXX_LIBRARY = "libc++";
				CLANG_ENABLE_MODULES = YES;
				CLANG_ENABLE_OBJC_ARC = YES;
				CLANG_WARN_BOOL_CONVERSION = YES;
				CLANG_WARN_CONSTANT_CONVERSION = YES;
				CLANG_WARN_DIRECT_OBJC_ISA_USAGE = YES_ERROR;
				CLANG_WARN_DOCUMENTATION_COMMENTS = YES;
				CLANG_WARN_EMPTY_BODY = YES;
				CLANG_WARN_ENUM_CONVERSION = YES;
				CLANG_WARN_INFINITE_RECURSION = YES;
				CLANG_WARN_INT_CONVERSION = YES;
				CLANG_WARN_OBJC_ROOT_CLASS = YES_ERROR;
				CLANG_WARN_SUSPICIOUS_MOVE = YES;
				CLANG_WARN_UNREACHABLE_CODE = YES;
				CLANG_WARN__DUPLICATE_METHOD_MATCH = YES;
				"CODE_SIGN_IDENTITY[sdk=iphoneos*]" = "iPhone Developer";
				COPY_PHASE_STRIP = NO;
				DEBUG_INFORMATION_FORMAT = dwarf;
				ENABLE_STRICT_OBJC_MSGSEND = YES;
				ENABLE_TESTABILITY = YES;
				GCC_C_LANGUAGE_STANDARD = gnu99;
				GCC_DYNAMIC_NO_PIC = NO;
				GCC_NO_COMMON_BLOCKS = YES;
				GCC_OPTIMIZATION_LEVEL = 0;
				GCC_PREPROCESSOR_DEFINITIONS = (
					"DEBUG=1",
					"$(inherited)",
				);
				GCC_WARN_64_TO_32_BIT_CONVERSION = YES;
				GCC_WARN_ABOUT_RETURN_TYPE = YES_ERROR;
				GCC_WARN_UNDECLARED_SELECTOR = YES;
				GCC_WARN_UNINITIALIZED_AUTOS = YES_AGGRESSIVE;
				GCC_WARN_UNUSED_FUNCTION = YES;
				GCC_WARN_UNUSED_VARIABLE = YES;
				IPHONEOS_DEPLOYMENT_TARGET = 10.3;
				MTL_ENABLE_DEBUG_INFO = YES;
				ONLY_ACTIVE_ARCH = YES;
				SDKROOT = iphoneos;
				SWIFT_ACTIVE_COMPILATION_CONDITIONS = DEBUG;
				SWIFT_OPTIMIZATION_LEVEL = "-Onone";
			};
			name = Debug;
		};
		6B76092E1EC4C578005B13C2 /* Release */ = {
			isa = XCBuildConfiguration;
			buildSettings = {
				ALWAYS_SEARCH_USER_PATHS = NO;
				CLANG_ANALYZER_NONNULL = YES;
				CLANG_ANALYZER_NUMBER_OBJECT_CONVERSION = YES_AGGRESSIVE;
				CLANG_CXX_LANGUAGE_STANDARD = "gnu++0x";
				CLANG_CXX_LIBRARY = "libc++";
				CLANG_ENABLE_MODULES = YES;
				CLANG_ENABLE_OBJC_ARC = YES;
				CLANG_WARN_BOOL_CONVERSION = YES;
				CLANG_WARN_CONSTANT_CONVERSION = YES;
				CLANG_WARN_DIRECT_OBJC_ISA_USAGE = YES_ERROR;
				CLANG_WARN_DOCUMENTATION_COMMENTS = YES;
				CLANG_WARN_EMPTY_BODY = YES;
				CLANG_WARN_ENUM_CONVERSION = YES;
				CLANG_WARN_INFINITE_RECURSION = YES;
				CLANG_WARN_INT_CONVERSION = YES;
				CLANG_WARN_OBJC_ROOT_CLASS = YES_ERROR;
				CLANG_WARN_SUSPICIOUS_MOVE = YES;
				CLANG_WARN_UNREACHABLE_CODE = YES;
				CLANG_WARN__DUPLICATE_METHOD_MATCH = YES;
				"CODE_SIGN_IDENTITY[sdk=iphoneos*]" = "iPhone Developer";
				COPY_PHASE_STRIP = NO;
				DEBUG_INFORMATION_FORMAT = "dwarf-with-dsym";
				ENABLE_NS_ASSERTIONS = NO;
				ENABLE_STRICT_OBJC_MSGSEND = YES;
				GCC_C_LANGUAGE_STANDARD = gnu99;
				GCC_NO_COMMON_BLOCKS = YES;
				GCC_WARN_64_TO_32_BIT_CONVERSION = YES;
				GCC_WARN_ABOUT_RETURN_TYPE = YES_ERROR;
				GCC_WARN_UNDECLARED_SELECTOR = YES;
				GCC_WARN_UNINITIALIZED_AUTOS = YES_AGGRESSIVE;
				GCC_WARN_UNUSED_FUNCTION = YES;
				GCC_WARN_UNUSED_VARIABLE = YES;
				IPHONEOS_DEPLOYMENT_TARGET = 10.3;
				MTL_ENABLE_DEBUG_INFO = NO;
				SDKROOT = iphoneos;
				SWIFT_OPTIMIZATION_LEVEL = "-Owholemodule";
				VALIDATE_PRODUCT = YES;
			};
			name = Release;
		};
		6B7609301EC4C578005B13C2 /* Debug */ = {
			isa = XCBuildConfiguration;
			buildSettings = {
				ASSETCATALOG_COMPILER_APPICON_NAME = AppIcon;
				CLANG_ENABLE_MODULES = YES;
				DEVELOPMENT_TEAM = CTJ2VR37F9;
				INFOPLIST_FILE = PokedexHybrid2/Info.plist;
				LD_RUNPATH_SEARCH_PATHS = "$(inherited) @executable_path/Frameworks";
				PRODUCT_BUNDLE_IDENTIFIER = com.bradleygilmore.PokedexHybrid2;
				PRODUCT_NAME = "$(TARGET_NAME)";
				SWIFT_OBJC_BRIDGING_HEADER = "PokedexHybrid2/PokedexHybrid2-Bridging-Header.h";
				SWIFT_OPTIMIZATION_LEVEL = "-Onone";
				SWIFT_VERSION = 3.0;
			};
			name = Debug;
		};
		6B7609311EC4C578005B13C2 /* Release */ = {
			isa = XCBuildConfiguration;
			buildSettings = {
				ASSETCATALOG_COMPILER_APPICON_NAME = AppIcon;
				CLANG_ENABLE_MODULES = YES;
				DEVELOPMENT_TEAM = CTJ2VR37F9;
				INFOPLIST_FILE = PokedexHybrid2/Info.plist;
				LD_RUNPATH_SEARCH_PATHS = "$(inherited) @executable_path/Frameworks";
				PRODUCT_BUNDLE_IDENTIFIER = com.bradleygilmore.PokedexHybrid2;
				PRODUCT_NAME = "$(TARGET_NAME)";
				SWIFT_OBJC_BRIDGING_HEADER = "PokedexHybrid2/PokedexHybrid2-Bridging-Header.h";
				SWIFT_VERSION = 3.0;
			};
			name = Release;
		};
/* End XCBuildConfiguration section */

/* Begin XCConfigurationList section */
		6B7609181EC4C578005B13C2 /* Build configuration list for PBXProject "PokedexHybrid2" */ = {
			isa = XCConfigurationList;
			buildConfigurations = (
				6B76092D1EC4C578005B13C2 /* Debug */,
				6B76092E1EC4C578005B13C2 /* Release */,
			);
			defaultConfigurationIsVisible = 0;
			defaultConfigurationName = Release;
		};
		6B76092F1EC4C578005B13C2 /* Build configuration list for PBXNativeTarget "PokedexHybrid2" */ = {
			isa = XCConfigurationList;
			buildConfigurations = (
				6B7609301EC4C578005B13C2 /* Debug */,
				6B7609311EC4C578005B13C2 /* Release */,
			);
			defaultConfigurationIsVisible = 0;
		};
/* End XCConfigurationList section */
	};
	rootObject = 6B7609151EC4C578005B13C2 /* Project object */;
}
